
Microsoft Visual Studio Solution File, Format Version 12.00
# Visual Studio Version 17
VisualStudioVersion = 17.0.31903.59
MinimumVisualStudioVersion = 10.0.40219.1
Project("{2150E333-8FDC-42A3-9474-1A3956D46DE8}") = "src", "src", "{827E0CD3-B72D-47B6-A68D-7590B98EB39B}"
EndProject
Project("{FAE04EC0-301F-11D3-BF4B-00C04F79EFBC}") = "KazoOCR.Core", "src\KazoOCR.Core\KazoOCR.Core.csproj", "{90A9683E-340E-4CB9-8609-43881954CC3C}"
EndProject
Project("{FAE04EC0-301F-11D3-BF4B-00C04F79EFBC}") = "KazoOCR.CLI", "src\KazoOCR.CLI\KazoOCR.CLI.csproj", "{7022D8E9-6154-416A-985E-1F5B040AB727}"
EndProject
Project("{FAE04EC0-301F-11D3-BF4B-00C04F79EFBC}") = "KazoOCR.Docker", "src\KazoOCR.Docker\KazoOCR.Docker.csproj", "{FCA6E3D0-A795-4E96-9E0A-0AFC08EC3AFA}"
EndProject
Project("{FAE04EC0-301F-11D3-BF4B-00C04F79EFBC}") = "KazoOCR.UI", "src\KazoOCR.UI\KazoOCR.UI.csproj", "{695DB443-F5CD-4E38-B645-1B20259726FE}"
EndProject
Project("{2150E333-8FDC-42A3-9474-1A3956D46DE8}") = "tests", "tests", "{0AB3BF05-4346-4AA6-1389-037BE0695223}"
EndProject
Project("{FAE04EC0-301F-11D3-BF4B-00C04F79EFBC}") = "KazoOCR.Tests", "tests\KazoOCR.Tests\KazoOCR.Tests.csproj", "{06A06BEB-FB8E-4424-A2AC-991AC5C2577F}"
EndProject
Project("{FAE04EC0-301F-11D3-BF4B-00C04F79EFBC}") = "KazoOCR.UI.Tests", "tests\KazoOCR.UI.Tests\KazoOCR.UI.Tests.csproj", "{2B655736-0B68-4A73-9BA0-DFE5EF2EE4B1}"
EndProject
Project("{FAE04EC0-301F-11D3-BF4B-00C04F79EFBC}") = "KazoOCR.Web", "src\KazoOCR.Web\KazoOCR.Web.csproj", "{A811D2E2-3882-4203-BBCC-2D57079B106B}"
EndProject
Project("{FAE04EC0-301F-11D3-BF4B-00C04F79EFBC}") = "KazoOCR.Api", "src\KazoOCR.Api\KazoOCR.Api.csproj", "{7D6BDE59-0E88-4273-B1B2-691C31EA34CB}"
EndProject
Global
	GlobalSection(SolutionConfigurationPlatforms) = preSolution
		Debug|Any CPU = Debug|Any CPU
		Debug|x64 = Debug|x64
		Debug|x86 = Debug|x86
		Release|Any CPU = Release|Any CPU
		Release|x64 = Release|x64
		Release|x86 = Release|x86
	EndGlobalSection
	GlobalSection(ProjectConfigurationPlatforms) = postSolution
		{90A9683E-340E-4CB9-8609-43881954CC3C}.Debug|Any CPU.ActiveCfg = Debug|Any CPU
		{90A9683E-340E-4CB9-8609-43881954CC3C}.Debug|Any CPU.Build.0 = Debug|Any CPU
		{90A9683E-340E-4CB9-8609-43881954CC3C}.Debug|x64.ActiveCfg = Debug|Any CPU
		{90A9683E-340E-4CB9-8609-43881954CC3C}.Debug|x64.Build.0 = Debug|Any CPU
		{90A9683E-340E-4CB9-8609-43881954CC3C}.Debug|x86.ActiveCfg = Debug|Any CPU
		{90A9683E-340E-4CB9-8609-43881954CC3C}.Debug|x86.Build.0 = Debug|Any CPU
		{90A9683E-340E-4CB9-8609-43881954CC3C}.Release|Any CPU.ActiveCfg = Release|Any CPU
		{90A9683E-340E-4CB9-8609-43881954CC3C}.Release|Any CPU.Build.0 = Release|Any CPU
		{90A9683E-340E-4CB9-8609-43881954CC3C}.Release|x64.ActiveCfg = Release|Any CPU
		{90A9683E-340E-4CB9-8609-43881954CC3C}.Release|x64.Build.0 = Release|Any CPU
		{90A9683E-340E-4CB9-8609-43881954CC3C}.Release|x86.ActiveCfg = Release|Any CPU
		{90A9683E-340E-4CB9-8609-43881954CC3C}.Release|x86.Build.0 = Release|Any CPU
		{7022D8E9-6154-416A-985E-1F5B040AB727}.Debug|Any CPU.ActiveCfg = Debug|Any CPU
		{7022D8E9-6154-416A-985E-1F5B040AB727}.Debug|Any CPU.Build.0 = Debug|Any CPU
		{7022D8E9-6154-416A-985E-1F5B040AB727}.Debug|x64.ActiveCfg = Debug|Any CPU
		{7022D8E9-6154-416A-985E-1F5B040AB727}.Debug|x64.Build.0 = Debug|Any CPU
		{7022D8E9-6154-416A-985E-1F5B040AB727}.Debug|x86.ActiveCfg = Debug|Any CPU
		{7022D8E9-6154-416A-985E-1F5B040AB727}.Debug|x86.Build.0 = Debug|Any CPU
		{7022D8E9-6154-416A-985E-1F5B040AB727}.Release|Any CPU.ActiveCfg = Release|Any CPU
		{7022D8E9-6154-416A-985E-1F5B040AB727}.Release|Any CPU.Build.0 = Release|Any CPU
		{7022D8E9-6154-416A-985E-1F5B040AB727}.Release|x64.ActiveCfg = Release|Any CPU
		{7022D8E9-6154-416A-985E-1F5B040AB727}.Release|x64.Build.0 = Release|Any CPU
		{7022D8E9-6154-416A-985E-1F5B040AB727}.Release|x86.ActiveCfg = Release|Any CPU
		{7022D8E9-6154-416A-985E-1F5B040AB727}.Release|x86.Build.0 = Release|Any CPU
		{FCA6E3D0-A795-4E96-9E0A-0AFC08EC3AFA}.Debug|Any CPU.ActiveCfg = Debug|Any CPU
		{FCA6E3D0-A795-4E96-9E0A-0AFC08EC3AFA}.Debug|Any CPU.Build.0 = Debug|Any CPU
		{FCA6E3D0-A795-4E96-9E0A-0AFC08EC3AFA}.Debug|x64.ActiveCfg = Debug|Any CPU
		{FCA6E3D0-A795-4E96-9E0A-0AFC08EC3AFA}.Debug|x64.Build.0 = Debug|Any CPU
		{FCA6E3D0-A795-4E96-9E0A-0AFC08EC3AFA}.Debug|x86.ActiveCfg = Debug|Any CPU
		{FCA6E3D0-A795-4E96-9E0A-0AFC08EC3AFA}.Debug|x86.Build.0 = Debug|Any CPU
		{FCA6E3D0-A795-4E96-9E0A-0AFC08EC3AFA}.Release|Any CPU.ActiveCfg = Release|Any CPU
		{FCA6E3D0-A795-4E96-9E0A-0AFC08EC3AFA}.Release|Any CPU.Build.0 = Release|Any CPU
		{FCA6E3D0-A795-4E96-9E0A-0AFC08EC3AFA}.Release|x64.ActiveCfg = Release|Any CPU
		{FCA6E3D0-A795-4E96-9E0A-0AFC08EC3AFA}.Release|x64.Build.0 = Release|Any CPU
		{FCA6E3D0-A795-4E96-9E0A-0AFC08EC3AFA}.Release|x86.ActiveCfg = Release|Any CPU
		{FCA6E3D0-A795-4E96-9E0A-0AFC08EC3AFA}.Release|x86.Build.0 = Release|Any CPU
		{695DB443-F5CD-4E38-B645-1B20259726FE}.Debug|Any CPU.ActiveCfg = Debug|Any CPU
		{695DB443-F5CD-4E38-B645-1B20259726FE}.Debug|Any CPU.Build.0 = Debug|Any CPU
		{695DB443-F5CD-4E38-B645-1B20259726FE}.Debug|x64.ActiveCfg = Debug|Any CPU
		{695DB443-F5CD-4E38-B645-1B20259726FE}.Debug|x64.Build.0 = Debug|Any CPU
		{695DB443-F5CD-4E38-B645-1B20259726FE}.Debug|x86.ActiveCfg = Debug|Any CPU
		{695DB443-F5CD-4E38-B645-1B20259726FE}.Debug|x86.Build.0 = Debug|Any CPU
		{695DB443-F5CD-4E38-B645-1B20259726FE}.Release|Any CPU.ActiveCfg = Release|Any CPU
		{695DB443-F5CD-4E38-B645-1B20259726FE}.Release|Any CPU.Build.0 = Release|Any CPU
		{695DB443-F5CD-4E38-B645-1B20259726FE}.Release|x64.ActiveCfg = Release|Any CPU
		{695DB443-F5CD-4E38-B645-1B20259726FE}.Release|x64.Build.0 = Release|Any CPU
		{695DB443-F5CD-4E38-B645-1B20259726FE}.Release|x86.ActiveCfg = Release|Any CPU
		{695DB443-F5CD-4E38-B645-1B20259726FE}.Release|x86.Build.0 = Release|Any CPU
		{06A06BEB-FB8E-4424-A2AC-991AC5C2577F}.Debug|Any CPU.ActiveCfg = Debug|Any CPU
		{06A06BEB-FB8E-4424-A2AC-991AC5C2577F}.Debug|Any CPU.Build.0 = Debug|Any CPU
		{06A06BEB-FB8E-4424-A2AC-991AC5C2577F}.Debug|x64.ActiveCfg = Debug|Any CPU
		{06A06BEB-FB8E-4424-A2AC-991AC5C2577F}.Debug|x64.Build.0 = Debug|Any CPU
		{06A06BEB-FB8E-4424-A2AC-991AC5C2577F}.Debug|x86.ActiveCfg = Debug|Any CPU
		{06A06BEB-FB8E-4424-A2AC-991AC5C2577F}.Debug|x86.Build.0 = Debug|Any CPU
		{06A06BEB-FB8E-4424-A2AC-991AC5C2577F}.Release|Any CPU.ActiveCfg = Release|Any CPU
		{06A06BEB-FB8E-4424-A2AC-991AC5C2577F}.Release|Any CPU.Build.0 = Release|Any CPU
		{06A06BEB-FB8E-4424-A2AC-991AC5C2577F}.Release|x64.ActiveCfg = Release|Any CPU
		{06A06BEB-FB8E-4424-A2AC-991AC5C2577F}.Release|x64.Build.0 = Release|Any CPU
		{06A06BEB-FB8E-4424-A2AC-991AC5C2577F}.Release|x86.ActiveCfg = Release|Any CPU
		{06A06BEB-FB8E-4424-A2AC-991AC5C2577F}.Release|x86.Build.0 = Release|Any CPU
		{2B655736-0B68-4A73-9BA0-DFE5EF2EE4B1}.Debug|Any CPU.ActiveCfg = Debug|Any CPU
		{2B655736-0B68-4A73-9BA0-DFE5EF2EE4B1}.Debug|Any CPU.Build.0 = Debug|Any CPU
		{2B655736-0B68-4A73-9BA0-DFE5EF2EE4B1}.Debug|x64.ActiveCfg = Debug|Any CPU
		{2B655736-0B68-4A73-9BA0-DFE5EF2EE4B1}.Debug|x64.Build.0 = Debug|Any CPU
		{2B655736-0B68-4A73-9BA0-DFE5EF2EE4B1}.Debug|x86.ActiveCfg = Debug|Any CPU
		{2B655736-0B68-4A73-9BA0-DFE5EF2EE4B1}.Debug|x86.Build.0 = Debug|Any CPU
		{2B655736-0B68-4A73-9BA0-DFE5EF2EE4B1}.Release|Any CPU.ActiveCfg = Release|Any CPU
		{2B655736-0B68-4A73-9BA0-DFE5EF2EE4B1}.Release|Any CPU.Build.0 = Release|Any CPU
		{2B655736-0B68-4A73-9BA0-DFE5EF2EE4B1}.Release|x64.ActiveCfg = Release|Any CPU
		{2B655736-0B68-4A73-9BA0-DFE5EF2EE4B1}.Release|x64.Build.0 = Release|Any CPU
		{2B655736-0B68-4A73-9BA0-DFE5EF2EE4B1}.Release|x86.ActiveCfg = Release|Any CPU
		{2B655736-0B68-4A73-9BA0-DFE5EF2EE4B1}.Release|x86.Build.0 = Release|Any CPU
		{A811D2E2-3882-4203-BBCC-2D57079B106B}.Debug|Any CPU.ActiveCfg = Debug|Any CPU
		{A811D2E2-3882-4203-BBCC-2D57079B106B}.Debug|Any CPU.Build.0 = Debug|Any CPU
		{A811D2E2-3882-4203-BBCC-2D57079B106B}.Debug|x64.ActiveCfg = Debug|Any CPU
		{A811D2E2-3882-4203-BBCC-2D57079B106B}.Debug|x64.Build.0 = Debug|Any CPU
		{A811D2E2-3882-4203-BBCC-2D57079B106B}.Debug|x86.ActiveCfg = Debug|Any CPU
		{A811D2E2-3882-4203-BBCC-2D57079B106B}.Debug|x86.Build.0 = Debug|Any CPU
		{A811D2E2-3882-4203-BBCC-2D57079B106B}.Release|Any CPU.ActiveCfg = Release|Any CPU
		{A811D2E2-3882-4203-BBCC-2D57079B106B}.Release|Any CPU.Build.0 = Release|Any CPU
		{A811D2E2-3882-4203-BBCC-2D57079B106B}.Release|x64.ActiveCfg = Release|Any CPU
		{A811D2E2-3882-4203-BBCC-2D57079B106B}.Release|x64.Build.0 = Release|Any CPU
		{A811D2E2-3882-4203-BBCC-2D57079B106B}.Release|x86.ActiveCfg = Release|Any CPU
		{A811D2E2-3882-4203-BBCC-2D57079B106B}.Release|x86.Build.0 = Release|Any CPU
		{7D6BDE59-0E88-4273-B1B2-691C31EA34CB}.Debug|Any CPU.ActiveCfg = Debug|Any CPU
		{7D6BDE59-0E88-4273-B1B2-691C31EA34CB}.Debug|Any CPU.Build.0 = Debug|Any CPU
		{7D6BDE59-0E88-4273-B1B2-691C31EA34CB}.Debug|x64.ActiveCfg = Debug|Any CPU
		{7D6BDE59-0E88-4273-B1B2-691C31EA34CB}.Debug|x64.Build.0 = Debug|Any CPU
		{7D6BDE59-0E88-4273-B1B2-691C31EA34CB}.Debug|x86.ActiveCfg = Debug|Any CPU
		{7D6BDE59-0E88-4273-B1B2-691C31EA34CB}.Debug|x86.Build.0 = Debug|Any CPU
		{7D6BDE59-0E88-4273-B1B2-691C31EA34CB}.Release|Any CPU.ActiveCfg = Release|Any CPU
		{7D6BDE59-0E88-4273-B1B2-691C31EA34CB}.Release|Any CPU.Build.0 = Release|Any CPU
		{7D6BDE59-0E88-4273-B1B2-691C31EA34CB}.Release|x64.ActiveCfg = Release|Any CPU
		{7D6BDE59-0E88-4273-B1B2-691C31EA34CB}.Release|x64.Build.0 = Release|Any CPU
		{7D6BDE59-0E88-4273-B1B2-691C31EA34CB}.Release|x86.ActiveCfg = Release|Any CPU
		{7D6BDE59-0E88-4273-B1B2-691C31EA34CB}.Release|x86.Build.0 = Release|Any CPU
	EndGlobalSection
	GlobalSection(SolutionProperties) = preSolution
		HideSolutionNode = FALSE
	EndGlobalSection
	GlobalSection(NestedProjects) = preSolution
		{90A9683E-340E-4CB9-8609-43881954CC3C} = {827E0CD3-B72D-47B6-A68D-7590B98EB39B}
		{7022D8E9-6154-416A-985E-1F5B040AB727} = {827E0CD3-B72D-47B6-A68D-7590B98EB39B}
		{FCA6E3D0-A795-4E96-9E0A-0AFC08EC3AFA} = {827E0CD3-B72D-47B6-A68D-7590B98EB39B}
		{695DB443-F5CD-4E38-B645-1B20259726FE} = {827E0CD3-B72D-47B6-A68D-7590B98EB39B}
		{06A06BEB-FB8E-4424-A2AC-991AC5C2577F} = {0AB3BF05-4346-4AA6-1389-037BE0695223}
		{2B655736-0B68-4A73-9BA0-DFE5EF2EE4B1} = {0AB3BF05-4346-4AA6-1389-037BE0695223}
		{A811D2E2-3882-4203-BBCC-2D57079B106B} = {827E0CD3-B72D-47B6-A68D-7590B98EB39B}
		{7D6BDE59-0E88-4273-B1B2-691C31EA34CB} = {827E0CD3-B72D-47B6-A68D-7590B98EB39B}
	EndGlobalSection
EndGlobal
